// !$*UTF8*$!
{
	archiveVersion = 1;
	classes = {
	};
	objectVersion = 56;
	objects = {

/* Begin PBXBuildFile section */
		8650504A28F7EB9C0081FC47 /* NavigationBarController.swift in Sources */ = {isa = PBXBuildFile; fileRef = 8650504928F7EB9C0081FC47 /* NavigationBarController.swift */; };
		8650504C28F7ED420081FC47 /* Resources.swift in Sources */ = {isa = PBXBuildFile; fileRef = 8650504B28F7ED420081FC47 /* Resources.swift */; };
		8650504E28F7EE320081FC47 /* UIColor + hex.swift in Sources */ = {isa = PBXBuildFile; fileRef = 8650504D28F7EE320081FC47 /* UIColor + hex.swift */; };
		8650505428F7FA7F0081FC47 /* ContactListController.swift in Sources */ = {isa = PBXBuildFile; fileRef = 8650505328F7FA7F0081FC47 /* ContactListController.swift */; };
		86CBFC0A28F75D2F0021E6AB /* AppDelegate.swift in Sources */ = {isa = PBXBuildFile; fileRef = 86CBFC0928F75D2F0021E6AB /* AppDelegate.swift */; };
		86CBFC0C28F75D2F0021E6AB /* SceneDelegate.swift in Sources */ = {isa = PBXBuildFile; fileRef = 86CBFC0B28F75D2F0021E6AB /* SceneDelegate.swift */; };
		86CBFC1328F75D300021E6AB /* Assets.xcassets in Resources */ = {isa = PBXBuildFile; fileRef = 86CBFC1228F75D300021E6AB /* Assets.xcassets */; };
		86CBFC1628F75D300021E6AB /* LaunchScreen.storyboard in Resources */ = {isa = PBXBuildFile; fileRef = 86CBFC1428F75D300021E6AB /* LaunchScreen.storyboard */; };
		86CBFC2128F75D300021E6AB /* Contacts_AppTests.swift in Sources */ = {isa = PBXBuildFile; fileRef = 86CBFC2028F75D300021E6AB /* Contacts_AppTests.swift */; };
		86CBFC2B28F75D300021E6AB /* Contacts_AppUITests.swift in Sources */ = {isa = PBXBuildFile; fileRef = 86CBFC2A28F75D300021E6AB /* Contacts_AppUITests.swift */; };
		86CBFC2D28F75D300021E6AB /* Contacts_AppUITestsLaunchTests.swift in Sources */ = {isa = PBXBuildFile; fileRef = 86CBFC2C28F75D300021E6AB /* Contacts_AppUITestsLaunchTests.swift */; };
/* End PBXBuildFile section */

/* Begin PBXContainerItemProxy section */
		86CBFC1D28F75D300021E6AB /* PBXContainerItemProxy */ = {
			isa = PBXContainerItemProxy;
			containerPortal = 86CBFBFE28F75D2F0021E6AB /* Project object */;
			proxyType = 1;
			remoteGlobalIDString = 86CBFC0528F75D2F0021E6AB;
			remoteInfo = "Contacts App";
		};
		86CBFC2728F75D300021E6AB /* PBXContainerItemProxy */ = {
			isa = PBXContainerItemProxy;
			containerPortal = 86CBFBFE28F75D2F0021E6AB /* Project object */;
			proxyType = 1;
			remoteGlobalIDString = 86CBFC0528F75D2F0021E6AB;
			remoteInfo = "Contacts App";
		};
/* End PBXContainerItemProxy section */

/* Begin PBXFileReference section */
		8650504928F7EB9C0081FC47 /* NavigationBarController.swift */ = {isa = PBXFileReference; lastKnownFileType = sourcecode.swift; path = NavigationBarController.swift; sourceTree = "<group>"; };
		8650504B28F7ED420081FC47 /* Resources.swift */ = {isa = PBXFileReference; lastKnownFileType = sourcecode.swift; name = Resources.swift; path = "Contacts App/Resources/Resources.swift"; sourceTree = SOURCE_ROOT; };
		8650504D28F7EE320081FC47 /* UIColor + hex.swift */ = {isa = PBXFileReference; lastKnownFileType = sourcecode.swift; path = "UIColor + hex.swift"; sourceTree = "<group>"; };
		8650505328F7FA7F0081FC47 /* ContactListController.swift */ = {isa = PBXFileReference; lastKnownFileType = sourcecode.swift; path = ContactListController.swift; sourceTree = "<group>"; };
		86CBFC0628F75D2F0021E6AB /* Contacts App.app */ = {isa = PBXFileReference; explicitFileType = wrapper.application; includeInIndex = 0; path = "Contacts App.app"; sourceTree = BUILT_PRODUCTS_DIR; };
		86CBFC0928F75D2F0021E6AB /* AppDelegate.swift */ = {isa = PBXFileReference; lastKnownFileType = sourcecode.swift; path = AppDelegate.swift; sourceTree = "<group>"; };
		86CBFC0B28F75D2F0021E6AB /* SceneDelegate.swift */ = {isa = PBXFileReference; lastKnownFileType = sourcecode.swift; path = SceneDelegate.swift; sourceTree = "<group>"; };
		86CBFC1228F75D300021E6AB /* Assets.xcassets */ = {isa = PBXFileReference; lastKnownFileType = folder.assetcatalog; path = Assets.xcassets; sourceTree = "<group>"; };
		86CBFC1528F75D300021E6AB /* Base */ = {isa = PBXFileReference; lastKnownFileType = file.storyboard; name = Base; path = Base.lproj/LaunchScreen.storyboard; sourceTree = "<group>"; };
		86CBFC1728F75D300021E6AB /* Info.plist */ = {isa = PBXFileReference; lastKnownFileType = text.plist.xml; path = Info.plist; sourceTree = "<group>"; };
		86CBFC1C28F75D300021E6AB /* Contacts AppTests.xctest */ = {isa = PBXFileReference; explicitFileType = wrapper.cfbundle; includeInIndex = 0; path = "Contacts AppTests.xctest"; sourceTree = BUILT_PRODUCTS_DIR; };
		86CBFC2028F75D300021E6AB /* Contacts_AppTests.swift */ = {isa = PBXFileReference; lastKnownFileType = sourcecode.swift; path = Contacts_AppTests.swift; sourceTree = "<group>"; };
		86CBFC2628F75D300021E6AB /* Contacts AppUITests.xctest */ = {isa = PBXFileReference; explicitFileType = wrapper.cfbundle; includeInIndex = 0; path = "Contacts AppUITests.xctest"; sourceTree = BUILT_PRODUCTS_DIR; };
		86CBFC2A28F75D300021E6AB /* Contacts_AppUITests.swift */ = {isa = PBXFileReference; lastKnownFileType = sourcecode.swift; path = Contacts_AppUITests.swift; sourceTree = "<group>"; };
		86CBFC2C28F75D300021E6AB /* Contacts_AppUITestsLaunchTests.swift */ = {isa = PBXFileReference; lastKnownFileType = sourcecode.swift; path = Contacts_AppUITestsLaunchTests.swift; sourceTree = "<group>"; };
/* End PBXFileReference section */

/* Begin PBXFrameworksBuildPhase section */
		86CBFC0328F75D2F0021E6AB /* Frameworks */ = {
			isa = PBXFrameworksBuildPhase;
			buildActionMask = 2147483647;
			files = (
			);
			runOnlyForDeploymentPostprocessing = 0;
		};
		86CBFC1928F75D300021E6AB /* Frameworks */ = {
			isa = PBXFrameworksBuildPhase;
			buildActionMask = 2147483647;
			files = (
			);
			runOnlyForDeploymentPostprocessing = 0;
		};
		86CBFC2328F75D300021E6AB /* Frameworks */ = {
			isa = PBXFrameworksBuildPhase;
			buildActionMask = 2147483647;
			files = (
			);
			runOnlyForDeploymentPostprocessing = 0;
		};
/* End PBXFrameworksBuildPhase section */

/* Begin PBXGroup section */
		86CBFBFD28F75D2F0021E6AB = {
			isa = PBXGroup;
			children = (
				86CBFC0828F75D2F0021E6AB /* Contacts App */,
				86CBFC1F28F75D300021E6AB /* Contacts AppTests */,
				86CBFC2928F75D300021E6AB /* Contacts AppUITests */,
				86CBFC0728F75D2F0021E6AB /* Products */,
			);
			sourceTree = "<group>";
		};
		86CBFC0728F75D2F0021E6AB /* Products */ = {
			isa = PBXGroup;
			children = (
				86CBFC0628F75D2F0021E6AB /* Contacts App.app */,
				86CBFC1C28F75D300021E6AB /* Contacts AppTests.xctest */,
				86CBFC2628F75D300021E6AB /* Contacts AppUITests.xctest */,
			);
			name = Products;
			sourceTree = "<group>";
		};
		86CBFC0828F75D2F0021E6AB /* Contacts App */ = {
			isa = PBXGroup;
			children = (
				86F99CFB28F75F5B0005C253 /* Resources */,
				86F99CFA28F75F4E0005C253 /* Utils */,
				86F99CF828F75F250005C253 /* BusinessLogic */,
				86F99CF728F75F0D0005C253 /* Presentation */,
				86F99CF628F75ECF0005C253 /* Models */,
				86CBFC0928F75D2F0021E6AB /* AppDelegate.swift */,
				86CBFC0B28F75D2F0021E6AB /* SceneDelegate.swift */,
			);
			path = "Contacts App";
			sourceTree = "<group>";
		};
		86CBFC1F28F75D300021E6AB /* Contacts AppTests */ = {
			isa = PBXGroup;
			children = (
				86CBFC2028F75D300021E6AB /* Contacts_AppTests.swift */,
			);
			path = "Contacts AppTests";
			sourceTree = "<group>";
		};
		86CBFC2928F75D300021E6AB /* Contacts AppUITests */ = {
			isa = PBXGroup;
			children = (
				86CBFC2A28F75D300021E6AB /* Contacts_AppUITests.swift */,
				86CBFC2C28F75D300021E6AB /* Contacts_AppUITestsLaunchTests.swift */,
			);
			path = "Contacts AppUITests";
			sourceTree = "<group>";
		};
		86F99CF628F75ECF0005C253 /* Models */ = {
			isa = PBXGroup;
			children = (
			);
			path = Models;
			sourceTree = "<group>";
		};
		86F99CF728F75F0D0005C253 /* Presentation */ = {
			isa = PBXGroup;
			children = (
				86F99D0028F7682C0005C253 /* View */,
			);
			path = Presentation;
			sourceTree = "<group>";
		};
		86F99CF828F75F250005C253 /* BusinessLogic */ = {
			isa = PBXGroup;
			children = (
			);
			path = BusinessLogic;
			sourceTree = "<group>";
		};
		86F99CFA28F75F4E0005C253 /* Utils */ = {
			isa = PBXGroup;
			children = (
				8650504D28F7EE320081FC47 /* UIColor + hex.swift */,
			);
			path = Utils;
			sourceTree = "<group>";
		};
		86F99CFB28F75F5B0005C253 /* Resources */ = {
			isa = PBXGroup;
			children = (
				86CBFC1228F75D300021E6AB /* Assets.xcassets */,
				86CBFC1728F75D300021E6AB /* Info.plist */,
				86CBFC1428F75D300021E6AB /* LaunchScreen.storyboard */,
				8650504B28F7ED420081FC47 /* Resources.swift */,
			);
			path = Resources;
			sourceTree = "<group>";
		};
		86F99D0028F7682C0005C253 /* View */ = {
			isa = PBXGroup;
			children = (
				8650504928F7EB9C0081FC47 /* NavigationBarController.swift */,
				8650505328F7FA7F0081FC47 /* ContactListController.swift */,
			);
			path = View;
			sourceTree = "<group>";
		};
/* End PBXGroup section */

/* Begin PBXNativeTarget section */
		86CBFC0528F75D2F0021E6AB /* Contacts App */ = {
			isa = PBXNativeTarget;
			buildConfigurationList = 86CBFC3028F75D300021E6AB /* Build configuration list for PBXNativeTarget "Contacts App" */;
			buildPhases = (
				86CBFC0228F75D2F0021E6AB /* Sources */,
				86CBFC0328F75D2F0021E6AB /* Frameworks */,
				86CBFC0428F75D2F0021E6AB /* Resources */,
			);
			buildRules = (
			);
			dependencies = (
			);
			name = "Contacts App";
			productName = "Contacts App";
			productReference = 86CBFC0628F75D2F0021E6AB /* Contacts App.app */;
			productType = "com.apple.product-type.application";
		};
		86CBFC1B28F75D300021E6AB /* Contacts AppTests */ = {
			isa = PBXNativeTarget;
			buildConfigurationList = 86CBFC3328F75D300021E6AB /* Build configuration list for PBXNativeTarget "Contacts AppTests" */;
			buildPhases = (
				86CBFC1828F75D300021E6AB /* Sources */,
				86CBFC1928F75D300021E6AB /* Frameworks */,
				86CBFC1A28F75D300021E6AB /* Resources */,
			);
			buildRules = (
			);
			dependencies = (
				86CBFC1E28F75D300021E6AB /* PBXTargetDependency */,
			);
			name = "Contacts AppTests";
			productName = "Contacts AppTests";
			productReference = 86CBFC1C28F75D300021E6AB /* Contacts AppTests.xctest */;
			productType = "com.apple.product-type.bundle.unit-test";
		};
		86CBFC2528F75D300021E6AB /* Contacts AppUITests */ = {
			isa = PBXNativeTarget;
			buildConfigurationList = 86CBFC3628F75D300021E6AB /* Build configuration list for PBXNativeTarget "Contacts AppUITests" */;
			buildPhases = (
				86CBFC2228F75D300021E6AB /* Sources */,
				86CBFC2328F75D300021E6AB /* Frameworks */,
				86CBFC2428F75D300021E6AB /* Resources */,
			);
			buildRules = (
			);
			dependencies = (
				86CBFC2828F75D300021E6AB /* PBXTargetDependency */,
			);
			name = "Contacts AppUITests";
			productName = "Contacts AppUITests";
			productReference = 86CBFC2628F75D300021E6AB /* Contacts AppUITests.xctest */;
			productType = "com.apple.product-type.bundle.ui-testing";
		};
/* End PBXNativeTarget section */

/* Begin PBXProject section */
		86CBFBFE28F75D2F0021E6AB /* Project object */ = {
			isa = PBXProject;
			attributes = {
				BuildIndependentTargetsInParallel = 1;
				LastSwiftUpdateCheck = 1400;
				LastUpgradeCheck = 1400;
				TargetAttributes = {
					86CBFC0528F75D2F0021E6AB = {
						CreatedOnToolsVersion = 14.0.1;
					};
					86CBFC1B28F75D300021E6AB = {
						CreatedOnToolsVersion = 14.0.1;
						TestTargetID = 86CBFC0528F75D2F0021E6AB;
					};
					86CBFC2528F75D300021E6AB = {
						CreatedOnToolsVersion = 14.0.1;
						TestTargetID = 86CBFC0528F75D2F0021E6AB;
					};
				};
			};
			buildConfigurationList = 86CBFC0128F75D2F0021E6AB /* Build configuration list for PBXProject "Contacts App" */;
			compatibilityVersion = "Xcode 14.0";
			developmentRegion = en;
			hasScannedForEncodings = 0;
			knownRegions = (
				en,
				Base,
			);
			mainGroup = 86CBFBFD28F75D2F0021E6AB;
			productRefGroup = 86CBFC0728F75D2F0021E6AB /* Products */;
			projectDirPath = "";
			projectRoot = "";
			targets = (
				86CBFC0528F75D2F0021E6AB /* Contacts App */,
				86CBFC1B28F75D300021E6AB /* Contacts AppTests */,
				86CBFC2528F75D300021E6AB /* Contacts AppUITests */,
			);
		};
/* End PBXProject section */

/* Begin PBXResourcesBuildPhase section */
		86CBFC0428F75D2F0021E6AB /* Resources */ = {
			isa = PBXResourcesBuildPhase;
			buildActionMask = 2147483647;
			files = (
				86CBFC1628F75D300021E6AB /* LaunchScreen.storyboard in Resources */,
				86CBFC1328F75D300021E6AB /* Assets.xcassets in Resources */,
			);
			runOnlyForDeploymentPostprocessing = 0;
		};
		86CBFC1A28F75D300021E6AB /* Resources */ = {
			isa = PBXResourcesBuildPhase;
			buildActionMask = 2147483647;
			files = (
			);
			runOnlyForDeploymentPostprocessing = 0;
		};
		86CBFC2428F75D300021E6AB /* Resources */ = {
			isa = PBXResourcesBuildPhase;
			buildActionMask = 2147483647;
			files = (
			);
			runOnlyForDeploymentPostprocessing = 0;
		};
/* End PBXResourcesBuildPhase section */

/* Begin PBXSourcesBuildPhase section */
		86CBFC0228F75D2F0021E6AB /* Sources */ = {
			isa = PBXSourcesBuildPhase;
			buildActionMask = 2147483647;
			files = (
				8650505428F7FA7F0081FC47 /* ContactListController.swift in Sources */,
				86CBFC0A28F75D2F0021E6AB /* AppDelegate.swift in Sources */,
				8650504A28F7EB9C0081FC47 /* NavigationBarController.swift in Sources */,
				86CBFC0C28F75D2F0021E6AB /* SceneDelegate.swift in Sources */,
				8650504C28F7ED420081FC47 /* Resources.swift in Sources */,
				8650504E28F7EE320081FC47 /* UIColor + hex.swift in Sources */,
			);
			runOnlyForDeploymentPostprocessing = 0;
		};
		86CBFC1828F75D300021E6AB /* Sources */ = {
			isa = PBXSourcesBuildPhase;
			buildActionMask = 2147483647;
			files = (
				86CBFC2128F75D300021E6AB /* Contacts_AppTests.swift in Sources */,
			);
			runOnlyForDeploymentPostprocessing = 0;
		};
		86CBFC2228F75D300021E6AB /* Sources */ = {
			isa = PBXSourcesBuildPhase;
			buildActionMask = 2147483647;
			files = (
				86CBFC2B28F75D300021E6AB /* Contacts_AppUITests.swift in Sources */,
				86CBFC2D28F75D300021E6AB /* Contacts_AppUITestsLaunchTests.swift in Sources */,
			);
			runOnlyForDeploymentPostprocessing = 0;
		};
/* End PBXSourcesBuildPhase section */

/* Begin PBXTargetDependency section */
		86CBFC1E28F75D300021E6AB /* PBXTargetDependency */ = {
			isa = PBXTargetDependency;
			target = 86CBFC0528F75D2F0021E6AB /* Contacts App */;
			targetProxy = 86CBFC1D28F75D300021E6AB /* PBXContainerItemProxy */;
		};
		86CBFC2828F75D300021E6AB /* PBXTargetDependency */ = {
			isa = PBXTargetDependency;
			target = 86CBFC0528F75D2F0021E6AB /* Contacts App */;
			targetProxy = 86CBFC2728F75D300021E6AB /* PBXContainerItemProxy */;
		};
/* End PBXTargetDependency section */

/* Begin PBXVariantGroup section */
		86CBFC1428F75D300021E6AB /* LaunchScreen.storyboard */ = {
			isa = PBXVariantGroup;
			children = (
				86CBFC1528F75D300021E6AB /* Base */,
			);
			name = LaunchScreen.storyboard;
			sourceTree = "<group>";
		};
/* End PBXVariantGroup section */

/* Begin XCBuildConfiguration section */
		86CBFC2E28F75D300021E6AB /* Debug */ = {
			isa = XCBuildConfiguration;
			buildSettings = {
				ALWAYS_SEARCH_USER_PATHS = NO;
				CLANG_ANALYZER_NONNULL = YES;
				CLANG_ANALYZER_NUMBER_OBJECT_CONVERSION = YES_AGGRESSIVE;
				CLANG_CXX_LANGUAGE_STANDARD = "gnu++20";
				CLANG_ENABLE_MODULES = YES;
				CLANG_ENABLE_OBJC_ARC = YES;
				CLANG_ENABLE_OBJC_WEAK = YES;
				CLANG_WARN_BLOCK_CAPTURE_AUTORELEASING = YES;
				CLANG_WARN_BOOL_CONVERSION = YES;
				CLANG_WARN_COMMA = YES;
				CLANG_WARN_CONSTANT_CONVERSION = YES;
				CLANG_WARN_DEPRECATED_OBJC_IMPLEMENTATIONS = YES;
				CLANG_WARN_DIRECT_OBJC_ISA_USAGE = YES_ERROR;
				CLANG_WARN_DOCUMENTATION_COMMENTS = YES;
				CLANG_WARN_EMPTY_BODY = YES;
				CLANG_WARN_ENUM_CONVERSION = YES;
				CLANG_WARN_INFINITE_RECURSION = YES;
				CLANG_WARN_INT_CONVERSION = YES;
				CLANG_WARN_NON_LITERAL_NULL_CONVERSION = YES;
				CLANG_WARN_OBJC_IMPLICIT_RETAIN_SELF = YES;
				CLANG_WARN_OBJC_LITERAL_CONVERSION = YES;
				CLANG_WARN_OBJC_ROOT_CLASS = YES_ERROR;
				CLANG_WARN_QUOTED_INCLUDE_IN_FRAMEWORK_HEADER = YES;
				CLANG_WARN_RANGE_LOOP_ANALYSIS = YES;
				CLANG_WARN_STRICT_PROTOTYPES = YES;
				CLANG_WARN_SUSPICIOUS_MOVE = YES;
				CLANG_WARN_UNGUARDED_AVAILABILITY = YES_AGGRESSIVE;
				CLANG_WARN_UNREACHABLE_CODE = YES;
				CLANG_WARN__DUPLICATE_METHOD_MATCH = YES;
				COPY_PHASE_STRIP = NO;
				DEBUG_INFORMATION_FORMAT = dwarf;
				ENABLE_STRICT_OBJC_MSGSEND = YES;
				ENABLE_TESTABILITY = YES;
				GCC_C_LANGUAGE_STANDARD = gnu11;
				GCC_DYNAMIC_NO_PIC = NO;
				GCC_NO_COMMON_BLOCKS = YES;
				GCC_OPTIMIZATION_LEVEL = 0;
				GCC_PREPROCESSOR_DEFINITIONS = (
					"DEBUG=1",
					"$(inherited)",
				);
				GCC_WARN_64_TO_32_BIT_CONVERSION = YES;
				GCC_WARN_ABOUT_RETURN_TYPE = YES_ERROR;
				GCC_WARN_UNDECLARED_SELECTOR = YES;
				GCC_WARN_UNINITIALIZED_AUTOS = YES_AGGRESSIVE;
				GCC_WARN_UNUSED_FUNCTION = YES;
				GCC_WARN_UNUSED_VARIABLE = YES;
				IPHONEOS_DEPLOYMENT_TARGET = 16.0;
				MTL_ENABLE_DEBUG_INFO = INCLUDE_SOURCE;
				MTL_FAST_MATH = YES;
				ONLY_ACTIVE_ARCH = YES;
				SDKROOT = iphoneos;
				SWIFT_ACTIVE_COMPILATION_CONDITIONS = DEBUG;
				SWIFT_OPTIMIZATION_LEVEL = "-Onone";
			};
			name = Debug;
		};
		86CBFC2F28F75D300021E6AB /* Release */ = {
			isa = XCBuildConfiguration;
			buildSettings = {
				ALWAYS_SEARCH_USER_PATHS = NO;
				CLANG_ANALYZER_NONNULL = YES;
				CLANG_ANALYZER_NUMBER_OBJECT_CONVERSION = YES_AGGRESSIVE;
				CLANG_CXX_LANGUAGE_STANDARD = "gnu++20";
				CLANG_ENABLE_MODULES = YES;
				CLANG_ENABLE_OBJC_ARC = YES;
				CLANG_ENABLE_OBJC_WEAK = YES;
				CLANG_WARN_BLOCK_CAPTURE_AUTORELEASING = YES;
				CLANG_WARN_BOOL_CONVERSION = YES;
				CLANG_WARN_COMMA = YES;
				CLANG_WARN_CONSTANT_CONVERSION = YES;
				CLANG_WARN_DEPRECATED_OBJC_IMPLEMENTATIONS = YES;
				CLANG_WARN_DIRECT_OBJC_ISA_USAGE = YES_ERROR;
				CLANG_WARN_DOCUMENTATION_COMMENTS = YES;
				CLANG_WARN_EMPTY_BODY = YES;
				CLANG_WARN_ENUM_CONVERSION = YES;
				CLANG_WARN_INFINITE_RECURSION = YES;
				CLANG_WARN_INT_CONVERSION = YES;
				CLANG_WARN_NON_LITERAL_NULL_CONVERSION = YES;
				CLANG_WARN_OBJC_IMPLICIT_RETAIN_SELF = YES;
				CLANG_WARN_OBJC_LITERAL_CONVERSION = YES;
				CLANG_WARN_OBJC_ROOT_CLASS = YES_ERROR;
				CLANG_WARN_QUOTED_INCLUDE_IN_FRAMEWORK_HEADER = YES;
				CLANG_WARN_RANGE_LOOP_ANALYSIS = YES;
				CLANG_WARN_STRICT_PROTOTYPES = YES;
				CLANG_WARN_SUSPICIOUS_MOVE = YES;
				CLANG_WARN_UNGUARDED_AVAILABILITY = YES_AGGRESSIVE;
				CLANG_WARN_UNREACHABLE_CODE = YES;
				CLANG_WARN__DUPLICATE_METHOD_MATCH = YES;
				COPY_PHASE_STRIP = NO;
				DEBUG_INFORMATION_FORMAT = "dwarf-with-dsym";
				ENABLE_NS_ASSERTIONS = NO;
				ENABLE_STRICT_OBJC_MSGSEND = YES;
				GCC_C_LANGUAGE_STANDARD = gnu11;
				GCC_NO_COMMON_BLOCKS = YES;
				GCC_WARN_64_TO_32_BIT_CONVERSION = YES;
				GCC_WARN_ABOUT_RETURN_TYPE = YES_ERROR;
				GCC_WARN_UNDECLARED_SELECTOR = YES;
				GCC_WARN_UNINITIALIZED_AUTOS = YES_AGGRESSIVE;
				GCC_WARN_UNUSED_FUNCTION = YES;
				GCC_WARN_UNUSED_VARIABLE = YES;
				IPHONEOS_DEPLOYMENT_TARGET = 16.0;
				MTL_ENABLE_DEBUG_INFO = NO;
				MTL_FAST_MATH = YES;
				SDKROOT = iphoneos;
				SWIFT_COMPILATION_MODE = wholemodule;
				SWIFT_OPTIMIZATION_LEVEL = "-O";
				VALIDATE_PRODUCT = YES;
			};
			name = Release;
		};
		86CBFC3128F75D300021E6AB /* Debug */ = {
			isa = XCBuildConfiguration;
			buildSettings = {
				ASSETCATALOG_COMPILER_APPICON_NAME = AppIcon;
				ASSETCATALOG_COMPILER_GLOBAL_ACCENT_COLOR_NAME = AccentColor;
				CODE_SIGN_STYLE = Automatic;
				CURRENT_PROJECT_VERSION = 1;
				GENERATE_INFOPLIST_FILE = YES;
				INFOPLIST_FILE = "Contacts App/Resources/Info.plist";
				INFOPLIST_KEY_UIApplicationSupportsIndirectInputEvents = YES;
				INFOPLIST_KEY_UILaunchStoryboardName = LaunchScreen;
				INFOPLIST_KEY_UIMainStoryboardFile = "";
				INFOPLIST_KEY_UISupportedInterfaceOrientations_iPad = "UIInterfaceOrientationPortrait UIInterfaceOrientationPortraitUpsideDown UIInterfaceOrientationLandscapeLeft UIInterfaceOrientationLandscapeRight";
				INFOPLIST_KEY_UISupportedInterfaceOrientations_iPhone = "UIInterfaceOrientationPortrait UIInterfaceOrientationLandscapeLeft UIInterfaceOrientationLandscapeRight";
				IPHONEOS_DEPLOYMENT_TARGET = 14.0;
				LD_RUNPATH_SEARCH_PATHS = (
					"$(inherited)",
					"@executable_path/Frameworks",
				);
				MARKETING_VERSION = 1.0;
				PRODUCT_BUNDLE_IDENTIFIER = "frilancer.Contacts-App";
				PRODUCT_NAME = "$(TARGET_NAME)";
				SWIFT_EMIT_LOC_STRINGS = YES;
				SWIFT_VERSION = 5.0;
				TARGETED_DEVICE_FAMILY = "1,2";
			};
			name = Debug;
		};
		86CBFC3228F75D300021E6AB /* Release */ = {
			isa = XCBuildConfiguration;
			buildSettings = {
				ASSETCATALOG_COMPILER_APPICON_NAME = AppIcon;
				ASSETCATALOG_COMPILER_GLOBAL_ACCENT_COLOR_NAME = AccentColor;
				CODE_SIGN_STYLE = Automatic;
				CURRENT_PROJECT_VERSION = 1;
				GENERATE_INFOPLIST_FILE = YES;
				INFOPLIST_FILE = "Contacts App/Resources/Info.plist";
				INFOPLIST_KEY_UIApplicationSupportsIndirectInputEvents = YES;
				INFOPLIST_KEY_UILaunchStoryboardName = LaunchScreen;
				INFOPLIST_KEY_UIMainStoryboardFile = "";
				INFOPLIST_KEY_UISupportedInterfaceOrientations_iPad = "UIInterfaceOrientationPortrait UIInterfaceOrientationPortraitUpsideDown UIInterfaceOrientationLandscapeLeft UIInterfaceOrientationLandscapeRight";
				INFOPLIST_KEY_UISupportedInterfaceOrientations_iPhone = "UIInterfaceOrientationPortrait UIInterfaceOrientationLandscapeLeft UIInterfaceOrientationLandscapeRight";
				IPHONEOS_DEPLOYMENT_TARGET = 14.0;
				LD_RUNPATH_SEARCH_PATHS = (
					"$(inherited)",
					"@executable_path/Frameworks",
				);
				MARKETING_VERSION = 1.0;
				PRODUCT_BUNDLE_IDENTIFIER = "frilancer.Contacts-App";
				PRODUCT_NAME = "$(TARGET_NAME)";
				SWIFT_EMIT_LOC_STRINGS = YES;
				SWIFT_VERSION = 5.0;
				TARGETED_DEVICE_FAMILY = "1,2";
			};
			name = Release;
		};
		86CBFC3428F75D300021E6AB /* Debug */ = {
			isa = XCBuildConfiguration;
			buildSettings = {
				ALWAYS_EMBED_SWIFT_STANDARD_LIBRARIES = YES;
				BUNDLE_LOADER = "$(TEST_HOST)";
				CODE_SIGN_STYLE = Automatic;
				CURRENT_PROJECT_VERSION = 1;
				GENERATE_INFOPLIST_FILE = YES;
				IPHONEOS_DEPLOYMENT_TARGET = 16.0;
				MARKETING_VERSION = 1.0;
				PRODUCT_BUNDLE_IDENTIFIER = "frilancer.Contacts-AppTests";
				PRODUCT_NAME = "$(TARGET_NAME)";
				SWIFT_EMIT_LOC_STRINGS = NO;
				SWIFT_VERSION = 5.0;
				TARGETED_DEVICE_FAMILY = "1,2";
				TEST_HOST = "$(BUILT_PRODUCTS_DIR)/Contacts App.app/$(BUNDLE_EXECUTABLE_FOLDER_PATH)/Contacts App";
			};
			name = Debug;
		};
		86CBFC3528F75D300021E6AB /* Release */ = {
			isa = XCBuildConfiguration;
			buildSettings = {
				ALWAYS_EMBED_SWIFT_STANDARD_LIBRARIES = YES;
				BUNDLE_LOADER = "$(TEST_HOST)";
				CODE_SIGN_STYLE = Automatic;
				CURRENT_PROJECT_VERSION = 1;
				GENERATE_INFOPLIST_FILE = YES;
				IPHONEOS_DEPLOYMENT_TARGET = 16.0;
				MARKETING_VERSION = 1.0;
				PRODUCT_BUNDLE_IDENTIFIER = "frilancer.Contacts-AppTests";
				PRODUCT_NAME = "$(TARGET_NAME)";
				SWIFT_EMIT_LOC_STRINGS = NO;
				SWIFT_VERSION = 5.0;
				TARGETED_DEVICE_FAMILY = "1,2";
				TEST_HOST = "$(BUILT_PRODUCTS_DIR)/Contacts App.app/$(BUNDLE_EXECUTABLE_FOLDER_PATH)/Contacts App";
			};
			name = Release;
		};
		86CBFC3728F75D300021E6AB /* Debug */ = {
			isa = XCBuildConfiguration;
			buildSettings = {
				ALWAYS_EMBED_SWIFT_STANDARD_LIBRARIES = YES;
				CODE_SIGN_STYLE = Automatic;
				CURRENT_PROJECT_VERSION = 1;
				GENERATE_INFOPLIST_FILE = YES;
				MARKETING_VERSION = 1.0;
				PRODUCT_BUNDLE_IDENTIFIER = "frilancer.Contacts-AppUITests";
				PRODUCT_NAME = "$(TARGET_NAME)";
				SWIFT_EMIT_LOC_STRINGS = NO;
				SWIFT_VERSION = 5.0;
				TARGETED_DEVICE_FAMILY = "1,2";
				TEST_TARGET_NAME = "Contacts App";
			};
			name = Debug;
		};
		86CBFC3828F75D300021E6AB /* Release */ = {
			isa = XCBuildConfiguration;
			buildSettings = {
				ALWAYS_EMBED_SWIFT_STANDARD_LIBRARIES = YES;
				CODE_SIGN_STYLE = Automatic;
				CURRENT_PROJECT_VERSION = 1;
				GENERATE_INFOPLIST_FILE = YES;
				MARKETING_VERSION = 1.0;
				PRODUCT_BUNDLE_IDENTIFIER = "frilancer.Contacts-AppUITests";
				PRODUCT_NAME = "$(TARGET_NAME)";
				SWIFT_EMIT_LOC_STRINGS = NO;
				SWIFT_VERSION = 5.0;
				TARGETED_DEVICE_FAMILY = "1,2";
				TEST_TARGET_NAME = "Contacts App";
			};
			name = Release;
		};
/* End XCBuildConfiguration section */

/* Begin XCConfigurationList section */
		86CBFC0128F75D2F0021E6AB /* Build configuration list for PBXProject "Contacts App" */ = {
			isa = XCConfigurationList;
			buildConfigurations = (
				86CBFC2E28F75D300021E6AB /* Debug */,
				86CBFC2F28F75D300021E6AB /* Release */,
			);
			defaultConfigurationIsVisible = 0;
			defaultConfigurationName = Release;
		};
		86CBFC3028F75D300021E6AB /* Build configuration list for PBXNativeTarget "Contacts App" */ = {
			isa = XCConfigurationList;
			buildConfigurations = (
				86CBFC3128F75D300021E6AB /* Debug */,
				86CBFC3228F75D300021E6AB /* Release */,
			);
			defaultConfigurationIsVisible = 0;
			defaultConfigurationName = Release;
		};
		86CBFC3328F75D300021E6AB /* Build configuration list for PBXNativeTarget "Contacts AppTests" */ = {
			isa = XCConfigurationList;
			buildConfigurations = (
				86CBFC3428F75D300021E6AB /* Debug */,
				86CBFC3528F75D300021E6AB /* Release */,
			);
			defaultConfigurationIsVisible = 0;
			defaultConfigurationName = Release;
		};
		86CBFC3628F75D300021E6AB /* Build configuration list for PBXNativeTarget "Contacts AppUITests" */ = {
			isa = XCConfigurationList;
			buildConfigurations = (
				86CBFC3728F75D300021E6AB /* Debug */,
				86CBFC3828F75D300021E6AB /* Release */,
			);
			defaultConfigurationIsVisible = 0;
			defaultConfigurationName = Release;
		};
/* End XCConfigurationList section */
	};
	rootObject = 86CBFBFE28F75D2F0021E6AB /* Project object */;
}
